
Microsoft Visual Studio Solution File, Format Version 12.00
# Visual Studio 2012
Project("{FAE04EC0-301F-11D3-BF4B-00C04F79EFBC}") = "RemotingLifetimeExample", "RemotingLifetimeExample\RemotingLifetimeExample.csproj", "{86C2A435-9ACD-4527-9856-9312BD829BC5}"
EndProject
Project("{FAE04EC0-301F-11D3-BF4B-00C04F79EFBC}") = "RemotingClient", "RemotingClient\RemotingClient.csproj", "{F975A5A4-2EEB-4586-B06B-D9904E6212CB}"
EndProject
Global
	GlobalSection(SolutionConfigurationPlatforms) = preSolution
		Debug|Any CPU = Debug|Any CPU
		Release|Any CPU = Release|Any CPU
	EndGlobalSection
	GlobalSection(ProjectConfigurationPlatforms) = postSolution
		{86C2A435-9ACD-4527-9856-9312BD829BC5}.Debug|Any CPU.ActiveCfg = Debug|Any CPU
		{86C2A435-9ACD-4527-9856-9312BD829BC5}.Debug|Any CPU.Build.0 = Debug|Any CPU
		{86C2A435-9ACD-4527-9856-9312BD829BC5}.Release|Any CPU.ActiveCfg = Release|Any CPU
		{86C2A435-9ACD-4527-9856-9312BD829BC5}.Release|Any CPU.Build.0 = Release|Any CPU
		{F975A5A4-2EEB-4586-B06B-D9904E6212CB}.Debug|Any CPU.ActiveCfg = Debug|Any CPU
		{F975A5A4-2EEB-4586-B06B-D9904E6212CB}.Debug|Any CPU.Build.0 = Debug|Any CPU
		{F975A5A4-2EEB-4586-B06B-D9904E6212CB}.Release|Any CPU.ActiveCfg = Release|Any CPU
		{F975A5A4-2EEB-4586-B06B-D9904E6212CB}.Release|Any CPU.Build.0 = Release|Any CPU
	EndGlobalSection
	GlobalSection(SolutionProperties) = preSolution
		HideSolutionNode = FALSE
	EndGlobalSection
EndGlobal
