
Microsoft Visual Studio Solution File, Format Version 12.00
# Visual Studio 2012
Project("{FAE04EC0-301F-11D3-BF4B-00C04F79EFBC}") = "SemaphoresTest", "SemaphoresTest\SemaphoresTest.csproj", "{5D81D02B-BFD0-4FE6-AE80-ECADCD78FFD8}"
EndProject
Project("{FAE04EC0-301F-11D3-BF4B-00C04F79EFBC}") = "CancelableSemaphore", "CancelableSemaphore\CancelableSemaphore.csproj", "{F93015E5-CA55-4336-B09B-A563E430ACFA}"
EndProject
Global
	GlobalSection(SolutionConfigurationPlatforms) = preSolution
		Debug|Any CPU = Debug|Any CPU
		Release|Any CPU = Release|Any CPU
	EndGlobalSection
	GlobalSection(ProjectConfigurationPlatforms) = postSolution
		{5D81D02B-BFD0-4FE6-AE80-ECADCD78FFD8}.Debug|Any CPU.ActiveCfg = Debug|Any CPU
		{5D81D02B-BFD0-4FE6-AE80-ECADCD78FFD8}.Debug|Any CPU.Build.0 = Debug|Any CPU
		{5D81D02B-BFD0-4FE6-AE80-ECADCD78FFD8}.Release|Any CPU.ActiveCfg = Release|Any CPU
		{5D81D02B-BFD0-4FE6-AE80-ECADCD78FFD8}.Release|Any CPU.Build.0 = Release|Any CPU
		{F93015E5-CA55-4336-B09B-A563E430ACFA}.Debug|Any CPU.ActiveCfg = Debug|Any CPU
		{F93015E5-CA55-4336-B09B-A563E430ACFA}.Debug|Any CPU.Build.0 = Debug|Any CPU
		{F93015E5-CA55-4336-B09B-A563E430ACFA}.Release|Any CPU.ActiveCfg = Release|Any CPU
		{F93015E5-CA55-4336-B09B-A563E430ACFA}.Release|Any CPU.Build.0 = Release|Any CPU
	EndGlobalSection
	GlobalSection(SolutionProperties) = preSolution
		HideSolutionNode = FALSE
	EndGlobalSection
EndGlobal
