
Microsoft Visual Studio Solution File, Format Version 12.00
# Visual Studio 2012
Project("{FAE04EC0-301F-11D3-BF4B-00C04F79EFBC}") = "SelectionSort", "SelectionSort\SelectionSort.csproj", "{D02712AB-EE59-4895-8849-B7619F10BE1D}"
EndProject
Global
	GlobalSection(SolutionConfigurationPlatforms) = preSolution
		Debug|Any CPU = Debug|Any CPU
		Release|Any CPU = Release|Any CPU
	EndGlobalSection
	GlobalSection(ProjectConfigurationPlatforms) = postSolution
		{D02712AB-EE59-4895-8849-B7619F10BE1D}.Debug|Any CPU.ActiveCfg = Debug|Any CPU
		{D02712AB-EE59-4895-8849-B7619F10BE1D}.Debug|Any CPU.Build.0 = Debug|Any CPU
		{D02712AB-EE59-4895-8849-B7619F10BE1D}.Release|Any CPU.ActiveCfg = Release|Any CPU
		{D02712AB-EE59-4895-8849-B7619F10BE1D}.Release|Any CPU.Build.0 = Release|Any CPU
	EndGlobalSection
	GlobalSection(SolutionProperties) = preSolution
		HideSolutionNode = FALSE
	EndGlobalSection
EndGlobal
