
Microsoft Visual Studio Solution File, Format Version 12.00
# Visual Studio 2012
Project("{FAE04EC0-301F-11D3-BF4B-00C04F79EFBC}") = "SortingQuickSort", "SortingQuickSort\SortingQuickSort.csproj", "{A015A508-8BDA-4D0D-8B6D-16AB98E2B898}"
EndProject
Global
	GlobalSection(SolutionConfigurationPlatforms) = preSolution
		Debug|Any CPU = Debug|Any CPU
		Release|Any CPU = Release|Any CPU
	EndGlobalSection
	GlobalSection(ProjectConfigurationPlatforms) = postSolution
		{A015A508-8BDA-4D0D-8B6D-16AB98E2B898}.Debug|Any CPU.ActiveCfg = Debug|Any CPU
		{A015A508-8BDA-4D0D-8B6D-16AB98E2B898}.Debug|Any CPU.Build.0 = Debug|Any CPU
		{A015A508-8BDA-4D0D-8B6D-16AB98E2B898}.Release|Any CPU.ActiveCfg = Release|Any CPU
		{A015A508-8BDA-4D0D-8B6D-16AB98E2B898}.Release|Any CPU.Build.0 = Release|Any CPU
	EndGlobalSection
	GlobalSection(SolutionProperties) = preSolution
		HideSolutionNode = FALSE
	EndGlobalSection
EndGlobal
