
Microsoft Visual Studio Solution File, Format Version 12.00
# Visual Studio 2012
Project("{8BC9CEB8-8B4A-11D0-8D11-00A0C91BC942}") = "ExceptionHandlingInC++", "ExceptionHandlingInC++\ExceptionHandlingInC++.vcxproj", "{2473BA33-3E9D-4AEE-B10C-530631BA59B3}"
EndProject
Global
	GlobalSection(SolutionConfigurationPlatforms) = preSolution
		Debug|Win32 = Debug|Win32
		Release|Win32 = Release|Win32
	EndGlobalSection
	GlobalSection(ProjectConfigurationPlatforms) = postSolution
		{2473BA33-3E9D-4AEE-B10C-530631BA59B3}.Debug|Win32.ActiveCfg = Debug|Win32
		{2473BA33-3E9D-4AEE-B10C-530631BA59B3}.Debug|Win32.Build.0 = Debug|Win32
		{2473BA33-3E9D-4AEE-B10C-530631BA59B3}.Release|Win32.ActiveCfg = Release|Win32
		{2473BA33-3E9D-4AEE-B10C-530631BA59B3}.Release|Win32.Build.0 = Release|Win32
	EndGlobalSection
	GlobalSection(SolutionProperties) = preSolution
		HideSolutionNode = FALSE
	EndGlobalSection
EndGlobal
