
Microsoft Visual Studio Solution File, Format Version 12.00
# Visual Studio Version 16
VisualStudioVersion = 16.0.29728.190
MinimumVisualStudioVersion = 10.0.40219.1
Project("{FAE04EC0-301F-11D3-BF4B-00C04F79EFBC}") = "Vidly2", "Vidly2\Vidly2.csproj", "{CC90A77D-26F5-4FD5-A031-62E78FCCEB6D}"
EndProject
Global
	GlobalSection(SolutionConfigurationPlatforms) = preSolution
		Debug|Any CPU = Debug|Any CPU
		Release|Any CPU = Release|Any CPU
	EndGlobalSection
	GlobalSection(ProjectConfigurationPlatforms) = postSolution
		{CC90A77D-26F5-4FD5-A031-62E78FCCEB6D}.Debug|Any CPU.ActiveCfg = Debug|Any CPU
		{CC90A77D-26F5-4FD5-A031-62E78FCCEB6D}.Debug|Any CPU.Build.0 = Debug|Any CPU
		{CC90A77D-26F5-4FD5-A031-62E78FCCEB6D}.Release|Any CPU.ActiveCfg = Release|Any CPU
		{CC90A77D-26F5-4FD5-A031-62E78FCCEB6D}.Release|Any CPU.Build.0 = Release|Any CPU
	EndGlobalSection
	GlobalSection(SolutionProperties) = preSolution
		HideSolutionNode = FALSE
	EndGlobalSection
	GlobalSection(ExtensibilityGlobals) = postSolution
		SolutionGuid = {95DC4BB0-D2C0-4585-94B3-60C6B04638DE}
	EndGlobalSection
EndGlobal
