
Microsoft Visual Studio Solution File, Format Version 12.00
# Visual Studio 2012
Project("{FAE04EC0-301F-11D3-BF4B-00C04F79EFBC}") = "TreeBinarySearchMinHeight", "TreeBinarySearchMinHeight\TreeBinarySearchMinHeight.csproj", "{3EB8B7C9-5A5B-42F7-ABE2-628E894DA9B5}"
EndProject
Global
	GlobalSection(SolutionConfigurationPlatforms) = preSolution
		Debug|Any CPU = Debug|Any CPU
		Release|Any CPU = Release|Any CPU
	EndGlobalSection
	GlobalSection(ProjectConfigurationPlatforms) = postSolution
		{3EB8B7C9-5A5B-42F7-ABE2-628E894DA9B5}.Debug|Any CPU.ActiveCfg = Debug|Any CPU
		{3EB8B7C9-5A5B-42F7-ABE2-628E894DA9B5}.Debug|Any CPU.Build.0 = Debug|Any CPU
		{3EB8B7C9-5A5B-42F7-ABE2-628E894DA9B5}.Release|Any CPU.ActiveCfg = Release|Any CPU
		{3EB8B7C9-5A5B-42F7-ABE2-628E894DA9B5}.Release|Any CPU.Build.0 = Release|Any CPU
	EndGlobalSection
	GlobalSection(SolutionProperties) = preSolution
		HideSolutionNode = FALSE
	EndGlobalSection
EndGlobal
