
Microsoft Visual Studio Solution File, Format Version 12.00
# Visual Studio 15
VisualStudioVersion = 15.0.27428.2002
MinimumVisualStudioVersion = 10.0.40219.1
Project("{FAE04EC0-301F-11D3-BF4B-00C04F79EFBC}") = "ThreadStaticDemo", "ThreadStaticDemo\ThreadStaticDemo.csproj", "{CC15BFF1-FD5E-423E-B514-1A03A6B3DE1C}"
EndProject
Project("{FAE04EC0-301F-11D3-BF4B-00C04F79EFBC}") = "ThreadLocalDemo", "ThreadLocalDemo\ThreadLocalDemo.csproj", "{6FDD6A2B-8326-463D-A3B7-B89ABE8A1187}"
EndProject
Global
	GlobalSection(SolutionConfigurationPlatforms) = preSolution
		Debug|Any CPU = Debug|Any CPU
		Release|Any CPU = Release|Any CPU
	EndGlobalSection
	GlobalSection(ProjectConfigurationPlatforms) = postSolution
		{CC15BFF1-FD5E-423E-B514-1A03A6B3DE1C}.Debug|Any CPU.ActiveCfg = Debug|Any CPU
		{CC15BFF1-FD5E-423E-B514-1A03A6B3DE1C}.Debug|Any CPU.Build.0 = Debug|Any CPU
		{CC15BFF1-FD5E-423E-B514-1A03A6B3DE1C}.Release|Any CPU.ActiveCfg = Release|Any CPU
		{CC15BFF1-FD5E-423E-B514-1A03A6B3DE1C}.Release|Any CPU.Build.0 = Release|Any CPU
		{6FDD6A2B-8326-463D-A3B7-B89ABE8A1187}.Debug|Any CPU.ActiveCfg = Debug|Any CPU
		{6FDD6A2B-8326-463D-A3B7-B89ABE8A1187}.Debug|Any CPU.Build.0 = Debug|Any CPU
		{6FDD6A2B-8326-463D-A3B7-B89ABE8A1187}.Release|Any CPU.ActiveCfg = Release|Any CPU
		{6FDD6A2B-8326-463D-A3B7-B89ABE8A1187}.Release|Any CPU.Build.0 = Release|Any CPU
	EndGlobalSection
	GlobalSection(SolutionProperties) = preSolution
		HideSolutionNode = FALSE
	EndGlobalSection
	GlobalSection(ExtensibilityGlobals) = postSolution
		SolutionGuid = {574B930B-BE2A-464A-9207-CD2C677E48BA}
	EndGlobalSection
EndGlobal
