
Microsoft Visual Studio Solution File, Format Version 12.00
# Visual Studio 2012
Project("{FAE04EC0-301F-11D3-BF4B-00C04F79EFBC}") = "RemoveDuplicatesLinkedList", "RemoveDuplicatesLinkedList\RemoveDuplicatesLinkedList.csproj", "{F949CD09-7CD4-418C-9E21-72E0112B9CA0}"
EndProject
Global
	GlobalSection(SolutionConfigurationPlatforms) = preSolution
		Debug|Any CPU = Debug|Any CPU
		Release|Any CPU = Release|Any CPU
	EndGlobalSection
	GlobalSection(ProjectConfigurationPlatforms) = postSolution
		{F949CD09-7CD4-418C-9E21-72E0112B9CA0}.Debug|Any CPU.ActiveCfg = Debug|Any CPU
		{F949CD09-7CD4-418C-9E21-72E0112B9CA0}.Debug|Any CPU.Build.0 = Debug|Any CPU
		{F949CD09-7CD4-418C-9E21-72E0112B9CA0}.Release|Any CPU.ActiveCfg = Release|Any CPU
		{F949CD09-7CD4-418C-9E21-72E0112B9CA0}.Release|Any CPU.Build.0 = Release|Any CPU
	EndGlobalSection
	GlobalSection(SolutionProperties) = preSolution
		HideSolutionNode = FALSE
	EndGlobalSection
EndGlobal
