
Microsoft Visual Studio Solution File, Format Version 12.00
# Visual Studio 15
VisualStudioVersion = 15.0.28010.2046
MinimumVisualStudioVersion = 10.0.40219.1
Project("{FAE04EC0-301F-11D3-BF4B-00C04F79EFBC}") = "CastIEnumerableToItsConcreteType", "CastIEnumerableToItsConcreteType\CastIEnumerableToItsConcreteType.csproj", "{8681BC8D-A2BB-4ACB-9274-61A9E7CC84CC}"
EndProject
Global
	GlobalSection(SolutionConfigurationPlatforms) = preSolution
		Debug|Any CPU = Debug|Any CPU
		Release|Any CPU = Release|Any CPU
	EndGlobalSection
	GlobalSection(ProjectConfigurationPlatforms) = postSolution
		{8681BC8D-A2BB-4ACB-9274-61A9E7CC84CC}.Debug|Any CPU.ActiveCfg = Debug|Any CPU
		{8681BC8D-A2BB-4ACB-9274-61A9E7CC84CC}.Debug|Any CPU.Build.0 = Debug|Any CPU
		{8681BC8D-A2BB-4ACB-9274-61A9E7CC84CC}.Release|Any CPU.ActiveCfg = Release|Any CPU
		{8681BC8D-A2BB-4ACB-9274-61A9E7CC84CC}.Release|Any CPU.Build.0 = Release|Any CPU
	EndGlobalSection
	GlobalSection(SolutionProperties) = preSolution
		HideSolutionNode = FALSE
	EndGlobalSection
	GlobalSection(ExtensibilityGlobals) = postSolution
		SolutionGuid = {978B0B47-1796-4C7D-8096-E2FC53D66632}
	EndGlobalSection
EndGlobal
