
Microsoft Visual Studio Solution File, Format Version 12.00
# Visual Studio Version 16
VisualStudioVersion = 16.0.30717.126
MinimumVisualStudioVersion = 10.0.40219.1
Project("{FAE04EC0-301F-11D3-BF4B-00C04F79EFBC}") = "EFCoreSample", "EFCoreSample\EFCoreSample.csproj", "{8A10963C-815C-4B78-B062-C56F904B739C}"
EndProject
Global
	GlobalSection(SolutionConfigurationPlatforms) = preSolution
		Debug|Any CPU = Debug|Any CPU
		Release|Any CPU = Release|Any CPU
	EndGlobalSection
	GlobalSection(ProjectConfigurationPlatforms) = postSolution
		{8A10963C-815C-4B78-B062-C56F904B739C}.Debug|Any CPU.ActiveCfg = Debug|Any CPU
		{8A10963C-815C-4B78-B062-C56F904B739C}.Debug|Any CPU.Build.0 = Debug|Any CPU
		{8A10963C-815C-4B78-B062-C56F904B739C}.Release|Any CPU.ActiveCfg = Release|Any CPU
		{8A10963C-815C-4B78-B062-C56F904B739C}.Release|Any CPU.Build.0 = Release|Any CPU
	EndGlobalSection
	GlobalSection(SolutionProperties) = preSolution
		HideSolutionNode = FALSE
	EndGlobalSection
	GlobalSection(ExtensibilityGlobals) = postSolution
		SolutionGuid = {FC720314-B13F-4CD0-A932-15F82706B3D1}
	EndGlobalSection
EndGlobal
